
Microsoft Visual Studio Solution File, Format Version 12.00
# Visual Studio 15
VisualStudioVersion = 15.0.27130.2027
MinimumVisualStudioVersion = 10.0.40219.1
Project("{FAE04EC0-301F-11D3-BF4B-00C04F79EFBC}") = "WebBasedChat.Specification", "WebBasedChat.Specification\WebBasedChat.Specification.csproj", "{47FFF86B-9B57-4639-81F0-684D061860AE}"
EndProject
Project("{FAE04EC0-301F-11D3-BF4B-00C04F79EFBC}") = "WebBasedChat.Client", "WebBasedChat.Client\WebBasedChat.Client.csproj", "{8E095C33-7C66-4870-9E0B-DCFC1993BF74}"
EndProject
Project("{FAE04EC0-301F-11D3-BF4B-00C04F79EFBC}") = "WebBasedChat.Communication", "WebBasedChat.Communication\WebBasedChat.Communication.csproj", "{FBF3581C-67A1-4587-9EF8-52C91D51CA17}"
EndProject
Project("{FAE04EC0-301F-11D3-BF4B-00C04F79EFBC}") = "WebBasedChat.Server", "WebBasedChat.Server\WebBasedChat.Server.csproj", "{A38BC843-95BB-4B14-88A6-C1905B6FE7EB}"
EndProject
Project("{FAE04EC0-301F-11D3-BF4B-00C04F79EFBC}") = "WebBasedChat.WpfClient", "WebBasedChat.WpfClient\WebBasedChat.WpfClient.csproj", "{A6E30EE4-C75B-4194-8205-6E0AC511C033}"
EndProject
Project("{FAE04EC0-301F-11D3-BF4B-00C04F79EFBC}") = "WebBasedChat.ConsoleServer", "WebBasedChat.ConsoleServer\WebBasedChat.ConsoleServer.csproj", "{A92FB2FC-4978-441E-A572-B8B1BD272D59}"
EndProject
Global
	GlobalSection(SolutionConfigurationPlatforms) = preSolution
		Debug|Any CPU = Debug|Any CPU
		Release|Any CPU = Release|Any CPU
	EndGlobalSection
	GlobalSection(ProjectConfigurationPlatforms) = postSolution
		{47FFF86B-9B57-4639-81F0-684D061860AE}.Debug|Any CPU.ActiveCfg = Debug|Any CPU
		{47FFF86B-9B57-4639-81F0-684D061860AE}.Debug|Any CPU.Build.0 = Debug|Any CPU
		{47FFF86B-9B57-4639-81F0-684D061860AE}.Release|Any CPU.ActiveCfg = Release|Any CPU
		{47FFF86B-9B57-4639-81F0-684D061860AE}.Release|Any CPU.Build.0 = Release|Any CPU
		{8E095C33-7C66-4870-9E0B-DCFC1993BF74}.Debug|Any CPU.ActiveCfg = Debug|Any CPU
		{8E095C33-7C66-4870-9E0B-DCFC1993BF74}.Debug|Any CPU.Build.0 = Debug|Any CPU
		{8E095C33-7C66-4870-9E0B-DCFC1993BF74}.Release|Any CPU.ActiveCfg = Release|Any CPU
		{8E095C33-7C66-4870-9E0B-DCFC1993BF74}.Release|Any CPU.Build.0 = Release|Any CPU
		{FBF3581C-67A1-4587-9EF8-52C91D51CA17}.Debug|Any CPU.ActiveCfg = Debug|Any CPU
		{FBF3581C-67A1-4587-9EF8-52C91D51CA17}.Debug|Any CPU.Build.0 = Debug|Any CPU
		{FBF3581C-67A1-4587-9EF8-52C91D51CA17}.Release|Any CPU.ActiveCfg = Release|Any CPU
		{FBF3581C-67A1-4587-9EF8-52C91D51CA17}.Release|Any CPU.Build.0 = Release|Any CPU
		{A38BC843-95BB-4B14-88A6-C1905B6FE7EB}.Debug|Any CPU.ActiveCfg = Debug|Any CPU
		{A38BC843-95BB-4B14-88A6-C1905B6FE7EB}.Debug|Any CPU.Build.0 = Debug|Any CPU
		{A38BC843-95BB-4B14-88A6-C1905B6FE7EB}.Release|Any CPU.ActiveCfg = Release|Any CPU
		{A38BC843-95BB-4B14-88A6-C1905B6FE7EB}.Release|Any CPU.Build.0 = Release|Any CPU
		{A6E30EE4-C75B-4194-8205-6E0AC511C033}.Debug|Any CPU.ActiveCfg = Debug|Any CPU
		{A6E30EE4-C75B-4194-8205-6E0AC511C033}.Debug|Any CPU.Build.0 = Debug|Any CPU
		{A6E30EE4-C75B-4194-8205-6E0AC511C033}.Release|Any CPU.ActiveCfg = Release|Any CPU
		{A6E30EE4-C75B-4194-8205-6E0AC511C033}.Release|Any CPU.Build.0 = Release|Any CPU
		{A92FB2FC-4978-441E-A572-B8B1BD272D59}.Debug|Any CPU.ActiveCfg = Debug|Any CPU
		{A92FB2FC-4978-441E-A572-B8B1BD272D59}.Debug|Any CPU.Build.0 = Debug|Any CPU
		{A92FB2FC-4978-441E-A572-B8B1BD272D59}.Release|Any CPU.ActiveCfg = Release|Any CPU
		{A92FB2FC-4978-441E-A572-B8B1BD272D59}.Release|Any CPU.Build.0 = Release|Any CPU
	EndGlobalSection
	GlobalSection(SolutionProperties) = preSolution
		HideSolutionNode = FALSE
	EndGlobalSection
	GlobalSection(ExtensibilityGlobals) = postSolution
		SolutionGuid = {1613B0BC-7A69-4388-8266-EDC9ED138354}
	EndGlobalSection
EndGlobal
